
Microsoft Visual Studio Solution File, Format Version 12.00
# Visual Studio Version 17
VisualStudioVersion = 17.0.31903.59
MinimumVisualStudioVersion = 10.0.40219.1
Project("{FAE04EC0-301F-11D3-BF4B-00C04F79EFBC}") = "integration.service", "integration.service\integration.service.csproj", "{496D0C63-F81F-48E5-8230-5EEAFFC8AEF4}"
EndProject
Project("{FAE04EC0-301F-11D3-BF4B-00C04F79EFBC}") = "cli", "cli\cli.csproj", "{6F49F7E5-FDDA-40BB-8845-F8B2971F3592}"
EndProject
Global
	GlobalSection(SolutionConfigurationPlatforms) = preSolution
		Debug|Any CPU = Debug|Any CPU
		Release|Any CPU = Release|Any CPU
	EndGlobalSection
	GlobalSection(SolutionProperties) = preSolution
		HideSolutionNode = FALSE
	EndGlobalSection
	GlobalSection(ProjectConfigurationPlatforms) = postSolution
		{496D0C63-F81F-48E5-8230-5EEAFFC8AEF4}.Debug|Any CPU.ActiveCfg = Debug|Any CPU
		{496D0C63-F81F-48E5-8230-5EEAFFC8AEF4}.Debug|Any CPU.Build.0 = Debug|Any CPU
		{496D0C63-F81F-48E5-8230-5EEAFFC8AEF4}.Release|Any CPU.ActiveCfg = Release|Any CPU
		{496D0C63-F81F-48E5-8230-5EEAFFC8AEF4}.Release|Any CPU.Build.0 = Release|Any CPU
		{6F49F7E5-FDDA-40BB-8845-F8B2971F3592}.Debug|Any CPU.ActiveCfg = Debug|Any CPU
		{6F49F7E5-FDDA-40BB-8845-F8B2971F3592}.Debug|Any CPU.Build.0 = Debug|Any CPU
		{6F49F7E5-FDDA-40BB-8845-F8B2971F3592}.Release|Any CPU.ActiveCfg = Release|Any CPU
		{6F49F7E5-FDDA-40BB-8845-F8B2971F3592}.Release|Any CPU.Build.0 = Release|Any CPU
	EndGlobalSection
EndGlobal
